
Microsoft Visual Studio Solution File, Format Version 12.00
# Visual Studio Version 16
VisualStudioVersion = 16.0.29001.49
MinimumVisualStudioVersion = 10.0.40219.1
Project("{FAE04EC0-301F-11D3-BF4B-00C04F79EFBC}") = "DigitalClocks", "DigitalClocks.csproj", "{B66CC9FD-FC9D-4F95-BB58-D2A47C41F6C1}"
EndProject
Global
	GlobalSection(SolutionConfigurationPlatforms) = preSolution
		Debug|Any CPU = Debug|Any CPU
		Release|Any CPU = Release|Any CPU
	EndGlobalSection
	GlobalSection(ProjectConfigurationPlatforms) = postSolution
		{B66CC9FD-FC9D-4F95-BB58-D2A47C41F6C1}.Debug|Any CPU.ActiveCfg = Debug|Any CPU
		{B66CC9FD-FC9D-4F95-BB58-D2A47C41F6C1}.Debug|Any CPU.Build.0 = Debug|Any CPU
		{B66CC9FD-FC9D-4F95-BB58-D2A47C41F6C1}.Release|Any CPU.ActiveCfg = Release|Any CPU
		{B66CC9FD-FC9D-4F95-BB58-D2A47C41F6C1}.Release|Any CPU.Build.0 = Release|Any CPU
	EndGlobalSection
	GlobalSection(SolutionProperties) = preSolution
		HideSolutionNode = FALSE
	EndGlobalSection
	GlobalSection(ExtensibilityGlobals) = postSolution
		SolutionGuid = {BC8DEE27-8C86-4207-B77D-7CB9D92B6279}
	EndGlobalSection
EndGlobal
